
Microsoft Visual Studio Solution File, Format Version 12.00
# Visual Studio Version 16
VisualStudioVersion = 16.0.30523.141
MinimumVisualStudioVersion = 10.0.40219.1
Project("{FAE04EC0-301F-11D3-BF4B-00C04F79EFBC}") = "Mukorcsolya", "Mukorcsolya\Mukorcsolya.csproj", "{962ED875-F21D-4EEA-BD23-F54ABEBEF0BD}"
EndProject
Global
	GlobalSection(SolutionConfigurationPlatforms) = preSolution
		Debug|Any CPU = Debug|Any CPU
		Release|Any CPU = Release|Any CPU
	EndGlobalSection
	GlobalSection(ProjectConfigurationPlatforms) = postSolution
		{962ED875-F21D-4EEA-BD23-F54ABEBEF0BD}.Debug|Any CPU.ActiveCfg = Debug|Any CPU
		{962ED875-F21D-4EEA-BD23-F54ABEBEF0BD}.Debug|Any CPU.Build.0 = Debug|Any CPU
		{962ED875-F21D-4EEA-BD23-F54ABEBEF0BD}.Release|Any CPU.ActiveCfg = Release|Any CPU
		{962ED875-F21D-4EEA-BD23-F54ABEBEF0BD}.Release|Any CPU.Build.0 = Release|Any CPU
	EndGlobalSection
	GlobalSection(SolutionProperties) = preSolution
		HideSolutionNode = FALSE
	EndGlobalSection
	GlobalSection(ExtensibilityGlobals) = postSolution
		SolutionGuid = {E627F8A6-9F62-4D54-A701-CEECD84FCB05}
	EndGlobalSection
EndGlobal
